[[package]]
name = "argparse"
version = "1.4.0"
description = "Python command-line parsing library"
category = "main"
optional = false
python-versions = "*"

[[package]]
name = "bibtexparser"
version = "1.4.0"
description = "Bibtex parser for python 3"
category = "main"
optional = false
python-versions = "*"

[package.dependencies]
pyparsing = ">=2.0.3"

[[package]]
name = "pylatexenc"
version = "2.10"
description = "Simple LaTeX parser providing latex-to-unicode and unicode-to-latex conversion"
category = "main"
optional = false
python-versions = "*"

[[package]]
name = "pyparsing"
version = "3.0.9"
description = "pyparsing module - Classes and methods to define and execute parsing grammars"
category = "main"
optional = false
python-versions = ">=3.6.8"

[package.extras]
diagrams = ["jinja2", "railroad-diagrams"]

[metadata]
lock-version = "1.1"
python-versions = "^3.7"
content-hash = "0579b6db125cbda1da97914c8f79d215691dd86a958b5664b8b25396b552ef14"

[metadata.files]
argparse = [
    {file = "argparse-1.4.0-py2.py3-none-any.whl", hash = "sha256:c31647edb69fd3d465a847ea3157d37bed1f95f19760b11a47aa91c04b666314"},
    {file = "argparse-1.4.0.tar.gz", hash = "sha256:62b089a55be1d8949cd2bc7e0df0bddb9e028faefc8c32038cc84862aefdd6e4"},
]
bibtexparser = [
    {file = "bibtexparser-1.4.0.tar.gz", hash = "sha256:ca7ce2bc34e7c48a678dd49416429bb567441f26dbb13b3609082d8cd109ace6"},
]
pylatexenc = [
    {file = "pylatexenc-2.10.tar.gz", hash = "sha256:3dd8fd84eb46dc30bee1e23eaab8d8fb5a7f507347b23e5f38ad9675c84f40d3"},
]
pyparsing = [
    {file = "pyparsing-3.0.9-py3-none-any.whl", hash = "sha256:5026bae9a10eeaefb61dab2f09052b9f4307d44aee4eda64b309723d8d206bbc"},
    {file = "pyparsing-3.0.9.tar.gz", hash = "sha256:2b020ecf7d21b687f219b71ecad3631f644a47f01403fa1d1036b0c6416d70fb"},
]
